
Microsoft Visual Studio Solution File, Format Version 12.00
# Visual Studio Version 17
VisualStudioVersion = 17.6.33815.320
MinimumVisualStudioVersion = 10.0.40219.1
Project("{FAE04EC0-301F-11D3-BF4B-00C04F79EFBC}") = "DAL", "DAL\DAL.csproj", "{FB485FA3-7BCC-4C53-9E4A-5AE9A591E669}"
EndProject
Project("{FAE04EC0-301F-11D3-BF4B-00C04F79EFBC}") = "BLL", "BLL\BLL.csproj", "{88D81053-E768-4754-AD5C-7E79B94093BE}"
EndProject
Project("{FAE04EC0-301F-11D3-BF4B-00C04F79EFBC}") = "DTO", "DTO\DTO.csproj", "{0675BF6B-95A3-4888-93F1-98F4D2314E7D}"
EndProject
Project("{FAE04EC0-301F-11D3-BF4B-00C04F79EFBC}") = "GUI", "GUI\GUI.csproj", "{D08AF526-1463-4C9D-9324-E9CB2D46FD93}"
EndProject
Project("{FAE04EC0-301F-11D3-BF4B-00C04F79EFBC}") = "API", "API\API.csproj", "{675B2170-EC8F-405A-8E25-87FE805FC751}"
EndProject
Global
	GlobalSection(SolutionConfigurationPlatforms) = preSolution
		Debug|Any CPU = Debug|Any CPU
		Release|Any CPU = Release|Any CPU
	EndGlobalSection
	GlobalSection(ProjectConfigurationPlatforms) = postSolution
		{FB485FA3-7BCC-4C53-9E4A-5AE9A591E669}.Debug|Any CPU.ActiveCfg = Debug|Any CPU
		{FB485FA3-7BCC-4C53-9E4A-5AE9A591E669}.Debug|Any CPU.Build.0 = Debug|Any CPU
		{FB485FA3-7BCC-4C53-9E4A-5AE9A591E669}.Release|Any CPU.ActiveCfg = Release|Any CPU
		{FB485FA3-7BCC-4C53-9E4A-5AE9A591E669}.Release|Any CPU.Build.0 = Release|Any CPU
		{88D81053-E768-4754-AD5C-7E79B94093BE}.Debug|Any CPU.ActiveCfg = Debug|Any CPU
		{88D81053-E768-4754-AD5C-7E79B94093BE}.Debug|Any CPU.Build.0 = Debug|Any CPU
		{88D81053-E768-4754-AD5C-7E79B94093BE}.Release|Any CPU.ActiveCfg = Release|Any CPU
		{88D81053-E768-4754-AD5C-7E79B94093BE}.Release|Any CPU.Build.0 = Release|Any CPU
		{0675BF6B-95A3-4888-93F1-98F4D2314E7D}.Debug|Any CPU.ActiveCfg = Debug|Any CPU
		{0675BF6B-95A3-4888-93F1-98F4D2314E7D}.Debug|Any CPU.Build.0 = Debug|Any CPU
		{0675BF6B-95A3-4888-93F1-98F4D2314E7D}.Release|Any CPU.ActiveCfg = Release|Any CPU
		{0675BF6B-95A3-4888-93F1-98F4D2314E7D}.Release|Any CPU.Build.0 = Release|Any CPU
		{D08AF526-1463-4C9D-9324-E9CB2D46FD93}.Debug|Any CPU.ActiveCfg = Debug|Any CPU
		{D08AF526-1463-4C9D-9324-E9CB2D46FD93}.Debug|Any CPU.Build.0 = Debug|Any CPU
		{D08AF526-1463-4C9D-9324-E9CB2D46FD93}.Release|Any CPU.ActiveCfg = Release|Any CPU
		{D08AF526-1463-4C9D-9324-E9CB2D46FD93}.Release|Any CPU.Build.0 = Release|Any CPU
		{675B2170-EC8F-405A-8E25-87FE805FC751}.Debug|Any CPU.ActiveCfg = Debug|Any CPU
		{675B2170-EC8F-405A-8E25-87FE805FC751}.Debug|Any CPU.Build.0 = Debug|Any CPU
		{675B2170-EC8F-405A-8E25-87FE805FC751}.Release|Any CPU.ActiveCfg = Release|Any CPU
		{675B2170-EC8F-405A-8E25-87FE805FC751}.Release|Any CPU.Build.0 = Release|Any CPU
	EndGlobalSection
	GlobalSection(SolutionProperties) = preSolution
		HideSolutionNode = FALSE
	EndGlobalSection
	GlobalSection(ExtensibilityGlobals) = postSolution
		SolutionGuid = {05B9586B-4C67-4DD1-9DE1-FEF8E661E0D3}
	EndGlobalSection
EndGlobal
